{
  "name": "@architect/arc-plugin-render-md",
  "version": "0.0.1",
  "lockfileVersion": 1,
  "requires": true,
  "dependencies": {
    "@architect/syntaxes": {
      "version": "github:architect/syntaxes#ca61027ef8295e2bb012a8df9ac9240052f43b66",
      "from": "github:architect/syntaxes#v1.2.1"
    },
    "argparse": {
      "version": "2.0.1",
      "resolved": "https://registry.npmjs.org/argparse/-/argparse-2.0.1.tgz",
      "integrity": "sha512-8+9WqebbFzpX9OR+Wa6O29asIogeRMzcGtAINdpMHHyAg10f05aSFVBbcEqGf/PXw1EjAZ+q2/bEBg3DvurK3Q=="
    },
    "clone": {
      "version": "2.1.2",
      "resolved": "https://registry.npmjs.org/clone/-/clone-2.1.2.tgz",
      "integrity": "sha1-G39Ln1kfHo+DZwQBYANFoCiHQ18="
    },
    "entities": {
      "version": "3.0.1",
      "resolved": "https://registry.npmjs.org/entities/-/entities-3.0.1.tgz",
      "integrity": "sha512-WiyBqoomrwMdFG1e0kqvASYfnlb0lp8M5o5Fw2OFq1hNZxxcNk8Ik0Xm7LxzBhuidnZB/UtBqVCgUz3kBOP51Q=="
    },
    "highlight.js": {
      "version": "11.5.1",
      "resolved": "https://registry.npmjs.org/highlight.js/-/highlight.js-11.5.1.tgz",
      "integrity": "sha512-LKzHqnxr4CrD2YsNoIf/o5nJ09j4yi/GcH5BnYz9UnVpZdS4ucMgvP61TDty5xJcFGRjnH4DpujkS9bHT3hq0Q=="
    },
    "linkify-it": {
      "version": "4.0.0",
      "resolved": "https://registry.npmjs.org/linkify-it/-/linkify-it-4.0.0.tgz",
      "integrity": "sha512-QAxkXyzT/TXgwGyY4rTgC95Ex6/lZ5/lYTV9nug6eJt93BCBQGOE47D/g2+/m5J1MrVLr2ot97OXkBZ9bBpR4A==",
      "requires": {
        "uc.micro": "^1.0.1"
      }
    },
    "markdown-it": {
      "version": "13.0.0",
      "resolved": "https://registry.npmjs.org/markdown-it/-/markdown-it-13.0.0.tgz",
      "integrity": "sha512-WArlIpVFvVwb8t3wgJuOsbMLhNWlzuQM7H2qXmuUEnBtXRqKjLjwFUMbZOyJgHygVZSjvcLR4EcXcRilqMavrA==",
      "requires": {
        "argparse": "^2.0.1",
        "entities": "~3.0.1",
        "linkify-it": "^4.0.0",
        "mdurl": "^1.0.1",
        "uc.micro": "^1.0.5"
      }
    },
    "markdown-it-external-anchor": {
      "version": "1.0.0",
      "resolved": "https://registry.npmjs.org/markdown-it-external-anchor/-/markdown-it-external-anchor-1.0.0.tgz",
      "integrity": "sha512-d6Jb+kLciiv7uueM8q46k6szwr+B8QYg5ppiHVvfaS6hTx1KHpKwYDivmPAcNJYx0wUPEmRre9RgEnM5oHcdMw=="
    },
    "markdown-it-toc-and-anchor": {
      "version": "github:macdonst/markdown-it-toc-and-anchor#d4a6b9b21d2d560f4b7b91bdaec9fa23df41edf8",
      "from": "github:macdonst/markdown-it-toc-and-anchor",
      "requires": {
        "clone": "^2.1.0"
      }
    },
    "mdurl": {
      "version": "1.0.1",
      "resolved": "https://registry.npmjs.org/mdurl/-/mdurl-1.0.1.tgz",
      "integrity": "sha1-/oWy7HWlkDfyrf7BAP1sYBdhFS4="
    },
    "querystring": {
      "version": "0.2.1",
      "resolved": "https://registry.npmjs.org/querystring/-/querystring-0.2.1.tgz",
      "integrity": "sha512-wkvS7mL/JMugcup3/rMitHmd9ecIGd2lhFhK9N3UUQ450h66d1r3Y9nvXzQAW1Lq+wyx61k/1pfKS5KuKiyEbg=="
    },
    "tiny-frontmatter": {
      "version": "1.0.0",
      "resolved": "https://registry.npmjs.org/tiny-frontmatter/-/tiny-frontmatter-1.0.0.tgz",
      "integrity": "sha1-9jqhUhbmlobUZjtSJsHnR/dgs+I="
    },
    "uc.micro": {
      "version": "1.0.6",
      "resolved": "https://registry.npmjs.org/uc.micro/-/uc.micro-1.0.6.tgz",
      "integrity": "sha512-8Y75pvTYkLJW2hWQHXxoqRgV7qb9B+9vFEtidML+7koHUFapnVJAZ6cKs+Qjz5Aw3aZWHMC6u0wJE3At+nSGwA=="
    }
  }
}
